<Solution>
  <Folder Name="/Data/">
    <Project Path="SharingKnowledge.Data.Models/SharingKnowledge.Data.Models.csproj" Id="c3a4da46-a486-49fb-9c60-296afb7b2b54" />
    <Project Path="SharingKnowledge.Data/SharingKnowledge.Data.csproj" Id="9cf33499-ebcf-4956-80a0-08d64962d24d" />
  </Folder>
  <Folder Name="/Services/">
    <Project Path="SharingKnowledge.Services.Common/SharingKnowledge.Services.Common.csproj" Id="fa9688ff-41e8-4cc2-9f97-a95d4e7f0a4c" />
    <Project Path="SharingKnowledge.Services.Core/SharingKnowledge.Services.Core.csproj" Id="35030a32-651a-4e8e-aeb6-3b4da427334a" />
  </Folder>
  <Folder Name="/Tests/">
    <Project Path="SharingKnowledge.Tests/SharingKnowledge.Tests.csproj" Id="ccf5e854-7219-44a2-af88-0b053f2c1743" />
  </Folder>
  <Folder Name="/Web/">
    <Project Path="SharingKnowledge.Web.ViewModels/SharingKnowledge.Web.ViewModels.csproj" Id="f280c841-ed30-44c9-a7fd-9062978d3ce7" />
    <Project Path="SharingKnowledge/SharingKnowledge.csproj" />
  </Folder>
  <Project Path="SharingKnowledge.Common/SharingKnowledge.Common.csproj" Id="7c9f8e14-f802-4d17-9204-50c0fc17a5f2" />
</Solution>
